
Microsoft Visual Studio Solution File, Format Version 12.00
# Visual Studio Version 17
VisualStudioVersion = 17.2.32516.85
MinimumVisualStudioVersion = 10.0.40219.1
Project("{9A19103F-16F7-4668-BE54-9A1E7A4F7556}") = "AutHome", "AutHome.csproj", "{5C1D4DF4-3A92-484D-9E9A-E69F5F4A0506}"
EndProject
Global
	GlobalSection(SolutionConfigurationPlatforms) = preSolution
		Debug|Any CPU = Debug|Any CPU
		Release|Any CPU = Release|Any CPU
	EndGlobalSection
	GlobalSection(ProjectConfigurationPlatforms) = postSolution
		{5C1D4DF4-3A92-484D-9E9A-E69F5F4A0506}.Debug|Any CPU.ActiveCfg = Debug|Any CPU
		{5C1D4DF4-3A92-484D-9E9A-E69F5F4A0506}.Debug|Any CPU.Build.0 = Debug|Any CPU
		{5C1D4DF4-3A92-484D-9E9A-E69F5F4A0506}.Release|Any CPU.ActiveCfg = Release|Any CPU
		{5C1D4DF4-3A92-484D-9E9A-E69F5F4A0506}.Release|Any CPU.Build.0 = Release|Any CPU
	EndGlobalSection
	GlobalSection(SolutionProperties) = preSolution
		HideSolutionNode = FALSE
	EndGlobalSection
	GlobalSection(ExtensibilityGlobals) = postSolution
		SolutionGuid = {53ADF937-FEC3-48F1-8D29-B59278A3A71B}
	EndGlobalSection
EndGlobal
